
Microsoft Visual Studio Solution File, Format Version 12.00
# Visual Studio 15
VisualStudioVersion = 15.0.28307.757
MinimumVisualStudioVersion = 10.0.40219.1
Project("{9A19103F-16F7-4668-BE54-9A1E7A4F7556}") = "XUnitTestProject", "XUnitTestProject1\XUnitTestProject.csproj", "{2709BF6C-6EF6-42A7-B17C-B0848EBE0125}"
EndProject
Project("{9A19103F-16F7-4668-BE54-9A1E7A4F7556}") = "TDDLearn", "TDDLearn\TDDLearn.csproj", "{BC3D0D3E-AEC3-4E8F-98A3-747875E2E940}"
EndProject
Global
	GlobalSection(SolutionConfigurationPlatforms) = preSolution
		Debug|Any CPU = Debug|Any CPU
		Release|Any CPU = Release|Any CPU
	EndGlobalSection
	GlobalSection(ProjectConfigurationPlatforms) = postSolution
		{2709BF6C-6EF6-42A7-B17C-B0848EBE0125}.Debug|Any CPU.ActiveCfg = Debug|Any CPU
		{2709BF6C-6EF6-42A7-B17C-B0848EBE0125}.Debug|Any CPU.Build.0 = Debug|Any CPU
		{2709BF6C-6EF6-42A7-B17C-B0848EBE0125}.Release|Any CPU.ActiveCfg = Release|Any CPU
		{2709BF6C-6EF6-42A7-B17C-B0848EBE0125}.Release|Any CPU.Build.0 = Release|Any CPU
		{BC3D0D3E-AEC3-4E8F-98A3-747875E2E940}.Debug|Any CPU.ActiveCfg = Debug|Any CPU
		{BC3D0D3E-AEC3-4E8F-98A3-747875E2E940}.Debug|Any CPU.Build.0 = Debug|Any CPU
		{BC3D0D3E-AEC3-4E8F-98A3-747875E2E940}.Release|Any CPU.ActiveCfg = Release|Any CPU
		{BC3D0D3E-AEC3-4E8F-98A3-747875E2E940}.Release|Any CPU.Build.0 = Release|Any CPU
	EndGlobalSection
	GlobalSection(SolutionProperties) = preSolution
		HideSolutionNode = FALSE
	EndGlobalSection
	GlobalSection(ExtensibilityGlobals) = postSolution
		SolutionGuid = {8EB50CB9-864D-4EEC-AE11-A9F0434EBBF6}
	EndGlobalSection
EndGlobal
